
Microsoft Visual Studio Solution File, Format Version 12.00
# Visual Studio Version 17
VisualStudioVersion = 17.11.35303.130
MinimumVisualStudioVersion = 10.0.40219.1
Project("{FAE04EC0-301F-11D3-BF4B-00C04F79EFBC}") = "CoderBaba2_", "ExamplesProjects\CoderBaba2_.csproj", "{E4AFA396-13E5-4E22-B190-68858E1F6936}"
EndProject
Global
	GlobalSection(SolutionConfigurationPlatforms) = preSolution
		Debug|Any CPU = Debug|Any CPU
		Release|Any CPU = Release|Any CPU
	EndGlobalSection
	GlobalSection(ProjectConfigurationPlatforms) = postSolution
		{E4AFA396-13E5-4E22-B190-68858E1F6936}.Debug|Any CPU.ActiveCfg = Debug|Any CPU
		{E4AFA396-13E5-4E22-B190-68858E1F6936}.Debug|Any CPU.Build.0 = Debug|Any CPU
		{E4AFA396-13E5-4E22-B190-68858E1F6936}.Release|Any CPU.ActiveCfg = Release|Any CPU
		{E4AFA396-13E5-4E22-B190-68858E1F6936}.Release|Any CPU.Build.0 = Release|Any CPU
	EndGlobalSection
	GlobalSection(SolutionProperties) = preSolution
		HideSolutionNode = FALSE
	EndGlobalSection
	GlobalSection(ExtensibilityGlobals) = postSolution
		SolutionGuid = {DA35D36B-D970-4F8D-AA31-C92A3F8712B4}
	EndGlobalSection
EndGlobal
